
Microsoft Visual Studio Solution File, Format Version 12.00
# Visual Studio 2012
Project("{2150E333-8FDC-42A3-9474-1A3956D46DE8}") = ".NET", ".NET", "{F28FBCCE-A528-493C-BA5E-6FFBEA6254EA}"
EndProject
Project("{FAE04EC0-301F-11D3-BF4B-00C04F79EFBC}") = "Chargify.WebForms", "Source\NET\Chargify.WebForms\Chargify.WebForms.csproj", "{27BB4192-3BEF-4666-817D-1F8B25781EF8}"
EndProject
Project("{FAE04EC0-301F-11D3-BF4B-00C04F79EFBC}") = "Chargify.MVC3", "Source\NET\Chargify.MVC3\Chargify.MVC3.csproj", "{30EC3D72-2586-4DFA-A6C2-E3E6C376D6B0}"
EndProject
Project("{FAE04EC0-301F-11D3-BF4B-00C04F79EFBC}") = "Chargify.MVC4", "Source\NET\Chargify.MVC4\Chargify.MVC4.csproj", "{0690953D-1735-4EEA-8BDA-0B1EF9544E69}"
EndProject
Project("{2150E333-8FDC-42A3-9474-1A3956D46DE8}") = "Solution Items", "Solution Items", "{BABB28B4-879A-44AC-9A4F-0D6A3B49A0D2}"
	ProjectSection(SolutionItems) = preProject
		ReadMe.txt = ReadMe.txt
	EndProjectSection
EndProject
Project("{2150E333-8FDC-42A3-9474-1A3956D46DE8}") = "PHP", "PHP", "{12AA36DA-EA9C-44C9-A753-69C22A00B6EB}"
EndProject
Project("{E24C65DC-7377-472B-9ABA-BC803B73C61A}") = "Chargify.PHP", "Source\PHP\Chargify.PHP\", "{54C13C10-4F06-4A77-BD79-E1AE0C061758}"
	ProjectSection(WebsiteProperties) = preProject
		TargetFrameworkMoniker = ".NETFramework,Version%3Dv4.0"
		Debug.AspNetCompiler.VirtualPath = "/Chargify.PHP"
		Debug.AspNetCompiler.PhysicalPath = "Source\PHP\Chargify.PHP\"
		Debug.AspNetCompiler.TargetPath = "PrecompiledWeb\Chargify.PHP\"
		Debug.AspNetCompiler.Updateable = "true"
		Debug.AspNetCompiler.ForceOverwrite = "true"
		Debug.AspNetCompiler.FixedNames = "false"
		Debug.AspNetCompiler.Debug = "True"
		Release.AspNetCompiler.VirtualPath = "/Chargify.PHP"
		Release.AspNetCompiler.PhysicalPath = "Source\PHP\Chargify.PHP\"
		Release.AspNetCompiler.TargetPath = "PrecompiledWeb\Chargify.PHP\"
		Release.AspNetCompiler.Updateable = "true"
		Release.AspNetCompiler.ForceOverwrite = "true"
		Release.AspNetCompiler.FixedNames = "false"
		Release.AspNetCompiler.Debug = "False"
		VWDPort = "6036"
	EndProjectSection
EndProject
Project("{2150E333-8FDC-42A3-9474-1A3956D46DE8}") = "NodeJS", "NodeJS", "{6D8F4B94-4D4A-4AD6-B9F5-805A210CEA73}"
EndProject
Project("{E24C65DC-7377-472B-9ABA-BC803B73C61A}") = "Chargify.NodeJS", "Source\Node\Chargify.NodeJS\", "{19BC85FC-FDBD-4BE4-A226-85C980219402}"
	ProjectSection(WebsiteProperties) = preProject
		TargetFrameworkMoniker = ".NETFramework,Version%3Dv2.0"
		Debug.AspNetCompiler.VirtualPath = "/Chargify.NodeJS"
		Debug.AspNetCompiler.PhysicalPath = "Source\Node\Chargify.NodeJS\"
		Debug.AspNetCompiler.TargetPath = "PrecompiledWeb\Chargify.NodeJS\"
		Debug.AspNetCompiler.Updateable = "true"
		Debug.AspNetCompiler.ForceOverwrite = "true"
		Debug.AspNetCompiler.FixedNames = "false"
		Debug.AspNetCompiler.Debug = "True"
		Release.AspNetCompiler.VirtualPath = "/Chargify.NodeJS"
		Release.AspNetCompiler.PhysicalPath = "Source\Node\Chargify.NodeJS\"
		Release.AspNetCompiler.TargetPath = "PrecompiledWeb\Chargify.NodeJS\"
		Release.AspNetCompiler.Updateable = "true"
		Release.AspNetCompiler.ForceOverwrite = "true"
		Release.AspNetCompiler.FixedNames = "false"
		Release.AspNetCompiler.Debug = "False"
		VWDPort = "2692"
	EndProjectSection
EndProject
Project("{2150E333-8FDC-42A3-9474-1A3956D46DE8}") = ".nuget", ".nuget", "{C0EE1511-9384-4A2F-98A1-8BFF465C8FE9}"
	ProjectSection(SolutionItems) = preProject
		.nuget\NuGet.Config = .nuget\NuGet.Config
		.nuget\NuGet.exe = .nuget\NuGet.exe
		.nuget\NuGet.targets = .nuget\NuGet.targets
	EndProjectSection
EndProject
Global
	GlobalSection(SolutionConfigurationPlatforms) = preSolution
		Debug|Any CPU = Debug|Any CPU
		Release|Any CPU = Release|Any CPU
	EndGlobalSection
	GlobalSection(ProjectConfigurationPlatforms) = postSolution
		{27BB4192-3BEF-4666-817D-1F8B25781EF8}.Debug|Any CPU.ActiveCfg = Debug|Any CPU
		{27BB4192-3BEF-4666-817D-1F8B25781EF8}.Debug|Any CPU.Build.0 = Debug|Any CPU
		{27BB4192-3BEF-4666-817D-1F8B25781EF8}.Release|Any CPU.ActiveCfg = Release|Any CPU
		{27BB4192-3BEF-4666-817D-1F8B25781EF8}.Release|Any CPU.Build.0 = Release|Any CPU
		{30EC3D72-2586-4DFA-A6C2-E3E6C376D6B0}.Debug|Any CPU.ActiveCfg = Debug|Any CPU
		{30EC3D72-2586-4DFA-A6C2-E3E6C376D6B0}.Debug|Any CPU.Build.0 = Debug|Any CPU
		{30EC3D72-2586-4DFA-A6C2-E3E6C376D6B0}.Release|Any CPU.ActiveCfg = Release|Any CPU
		{30EC3D72-2586-4DFA-A6C2-E3E6C376D6B0}.Release|Any CPU.Build.0 = Release|Any CPU
		{0690953D-1735-4EEA-8BDA-0B1EF9544E69}.Debug|Any CPU.ActiveCfg = Debug|Any CPU
		{0690953D-1735-4EEA-8BDA-0B1EF9544E69}.Debug|Any CPU.Build.0 = Debug|Any CPU
		{0690953D-1735-4EEA-8BDA-0B1EF9544E69}.Release|Any CPU.ActiveCfg = Release|Any CPU
		{0690953D-1735-4EEA-8BDA-0B1EF9544E69}.Release|Any CPU.Build.0 = Release|Any CPU
		{54C13C10-4F06-4A77-BD79-E1AE0C061758}.Debug|Any CPU.ActiveCfg = Debug|Any CPU
		{54C13C10-4F06-4A77-BD79-E1AE0C061758}.Debug|Any CPU.Build.0 = Debug|Any CPU
		{54C13C10-4F06-4A77-BD79-E1AE0C061758}.Release|Any CPU.ActiveCfg = Debug|Any CPU
		{54C13C10-4F06-4A77-BD79-E1AE0C061758}.Release|Any CPU.Build.0 = Debug|Any CPU
		{19BC85FC-FDBD-4BE4-A226-85C980219402}.Debug|Any CPU.ActiveCfg = Debug|Any CPU
		{19BC85FC-FDBD-4BE4-A226-85C980219402}.Debug|Any CPU.Build.0 = Debug|Any CPU
		{19BC85FC-FDBD-4BE4-A226-85C980219402}.Release|Any CPU.ActiveCfg = Debug|Any CPU
		{19BC85FC-FDBD-4BE4-A226-85C980219402}.Release|Any CPU.Build.0 = Debug|Any CPU
	EndGlobalSection
	GlobalSection(SolutionProperties) = preSolution
		HideSolutionNode = FALSE
	EndGlobalSection
	GlobalSection(NestedProjects) = preSolution
		{27BB4192-3BEF-4666-817D-1F8B25781EF8} = {F28FBCCE-A528-493C-BA5E-6FFBEA6254EA}
		{30EC3D72-2586-4DFA-A6C2-E3E6C376D6B0} = {F28FBCCE-A528-493C-BA5E-6FFBEA6254EA}
		{0690953D-1735-4EEA-8BDA-0B1EF9544E69} = {F28FBCCE-A528-493C-BA5E-6FFBEA6254EA}
		{C0EE1511-9384-4A2F-98A1-8BFF465C8FE9} = {F28FBCCE-A528-493C-BA5E-6FFBEA6254EA}
		{54C13C10-4F06-4A77-BD79-E1AE0C061758} = {12AA36DA-EA9C-44C9-A753-69C22A00B6EB}
		{19BC85FC-FDBD-4BE4-A226-85C980219402} = {6D8F4B94-4D4A-4AD6-B9F5-805A210CEA73}
	EndGlobalSection
EndGlobal
